
Microsoft Visual Studio Solution File, Format Version 12.00
# Visual Studio Version 17
VisualStudioVersion = 17.4.33103.184
MinimumVisualStudioVersion = 10.0.40219.1
Project("{FAE04EC0-301F-11D3-BF4B-00C04F79EFBC}") = "PetStoreAPI", "PetStoreAPI\PetStoreAPI.csproj", "{4E73A95A-C327-4FD9-A382-A21AFCAEDDF1}"
EndProject
Project("{FAE04EC0-301F-11D3-BF4B-00C04F79EFBC}") = "PetStoreApiTests", "PetStoreApiTests\PetStoreApiTests.csproj", "{4305A64A-EB77-433E-8F32-250CC25F2244}"
EndProject
Global
	GlobalSection(SolutionConfigurationPlatforms) = preSolution
		Debug|Any CPU = Debug|Any CPU
		Release|Any CPU = Release|Any CPU
	EndGlobalSection
	GlobalSection(ProjectConfigurationPlatforms) = postSolution
		{4E73A95A-C327-4FD9-A382-A21AFCAEDDF1}.Debug|Any CPU.ActiveCfg = Debug|Any CPU
		{4E73A95A-C327-4FD9-A382-A21AFCAEDDF1}.Debug|Any CPU.Build.0 = Debug|Any CPU
		{4E73A95A-C327-4FD9-A382-A21AFCAEDDF1}.Release|Any CPU.ActiveCfg = Release|Any CPU
		{4E73A95A-C327-4FD9-A382-A21AFCAEDDF1}.Release|Any CPU.Build.0 = Release|Any CPU
		{4305A64A-EB77-433E-8F32-250CC25F2244}.Debug|Any CPU.ActiveCfg = Debug|Any CPU
		{4305A64A-EB77-433E-8F32-250CC25F2244}.Debug|Any CPU.Build.0 = Debug|Any CPU
		{4305A64A-EB77-433E-8F32-250CC25F2244}.Release|Any CPU.ActiveCfg = Release|Any CPU
		{4305A64A-EB77-433E-8F32-250CC25F2244}.Release|Any CPU.Build.0 = Release|Any CPU
	EndGlobalSection
	GlobalSection(SolutionProperties) = preSolution
		HideSolutionNode = FALSE
	EndGlobalSection
	GlobalSection(ExtensibilityGlobals) = postSolution
		SolutionGuid = {92CBD9A6-9716-4F6F-B412-FCC649FABD35}
	EndGlobalSection
EndGlobal
